# x — vendored desktop sources (generated by packaging/vendor-config.sh)
# Re-running the script checks these exact commits out (branch: main).
equisdots-dots https://github.com/equisdots/dots.git 45606dce1a6e748b0f3db08054f86212cec84df7
equisdots-hyprland https://github.com/equisdots/hyprland.git b0e46b9b9765d3f5a1945eccccbc489548735284
equisdots-shell https://github.com/equisdots/shell.git 5fcc35a892a500c333683449e0e945727e2dbaf2
equisdots-palettes https://github.com/equisdots/palettes.git 4f670df71e83bfb17dbebd61391ffa2202936b49
equisdots-theme-sync https://github.com/equisdots/theme-sync.git 29de5486ad199be2f7e895524cc903da17369f6f
equisdots-davincix https://github.com/equisdots/davincix.git 89acb021a0f69bd5d9b1a124705af46c695d9ae6
equisdots-timex https://github.com/equisdots/timex.git 61e063fa5106a51df5dcf1ee503f70fd76070f42
equisdots-login https://github.com/equisdots/login.git 55c6e4a9e9c10714a9b36e1a93c663adee1de0c9
terminal https://github.com/xscriptor-colors/terminal.git bc1bcc5ef69bc26e0cc1cae7b48700dfea24e24f
nvim https://github.com/xscriptor-colors/nvim.git a5d8e61b2a105e66ed73bcbadb1b6ddcbd351b3b
